
Microsoft Visual Studio Solution File, Format Version 12.00
# Visual Studio Version 16
VisualStudioVersion = 16.0.30011.22
MinimumVisualStudioVersion = 10.0.40219.1
Project("{FAE04EC0-301F-11D3-BF4B-00C04F79EFBC}") = "SAC", "SAC\SAC.csproj", "{6E0BD424-7559-48B0-87C0-988DD9888FD5}"
EndProject
Global
	GlobalSection(SolutionConfigurationPlatforms) = preSolution
		Debug|Any CPU = Debug|Any CPU
		Release|Any CPU = Release|Any CPU
	EndGlobalSection
	GlobalSection(ProjectConfigurationPlatforms) = postSolution
		{6E0BD424-7559-48B0-87C0-988DD9888FD5}.Debug|Any CPU.ActiveCfg = Debug|Any CPU
		{6E0BD424-7559-48B0-87C0-988DD9888FD5}.Debug|Any CPU.Build.0 = Debug|Any CPU
		{6E0BD424-7559-48B0-87C0-988DD9888FD5}.Release|Any CPU.ActiveCfg = Release|Any CPU
		{6E0BD424-7559-48B0-87C0-988DD9888FD5}.Release|Any CPU.Build.0 = Release|Any CPU
	EndGlobalSection
	GlobalSection(SolutionProperties) = preSolution
		HideSolutionNode = FALSE
	EndGlobalSection
	GlobalSection(ExtensibilityGlobals) = postSolution
		SolutionGuid = {CF1722DE-3212-4F12-841F-A53BC2F6E0A9}
	EndGlobalSection
EndGlobal
